
Microsoft Visual Studio Solution File, Format Version 12.00
# Visual Studio 2012
Project("{FAE04EC0-301F-11D3-BF4B-00C04F79EFBC}") = "Tetris", "Tetris\Tetris.csproj", "{3E9FE24C-8541-4FA0-A0F3-0BDD79B87F75}"
EndProject
Project("{FAE04EC0-301F-11D3-BF4B-00C04F79EFBC}") = "TetrisCommon", "TetrisCommon\TetrisCommon.csproj", "{12464594-3F41-445F-8DC5-F03FA5900BC7}"
EndProject
Project("{FAE04EC0-301F-11D3-BF4B-00C04F79EFBC}") = "SerialPortTest", "SerialPortTest\SerialPortTest.csproj", "{4699CA03-1687-4D80-8F0F-F100C78942B0}"
EndProject
Project("{FAE04EC0-301F-11D3-BF4B-00C04F79EFBC}") = "TetrisConsole", "TetrisConsole\TetrisConsole.csproj", "{C958A5BA-A073-4D39-A1AB-85B91070576A}"
EndProject
Project("{FAE04EC0-301F-11D3-BF4B-00C04F79EFBC}") = "TetrisConsoleLED", "TetrisConsoleLED\TetrisConsoleLED.csproj", "{89EC2CC1-FB1D-4F37-95C2-B188BFA5A4F3}"
EndProject
Project("{FAE04EC0-301F-11D3-BF4B-00C04F79EFBC}") = "DebugTest", "DebugTest\DebugTest.csproj", "{CC8A179A-BC70-4D4E-8F3D-BFD068B90791}"
EndProject
Project("{FAE04EC0-301F-11D3-BF4B-00C04F79EFBC}") = "TetrisWinFormLED", "TetrisWinFormLED\TetrisWinFormLED.csproj", "{C97C10D6-6A69-410B-9713-8CA589DBA487}"
EndProject
Global
	GlobalSection(SolutionConfigurationPlatforms) = preSolution
		Debug|Any CPU = Debug|Any CPU
		Release|Any CPU = Release|Any CPU
	EndGlobalSection
	GlobalSection(ProjectConfigurationPlatforms) = postSolution
		{3E9FE24C-8541-4FA0-A0F3-0BDD79B87F75}.Debug|Any CPU.ActiveCfg = Debug|Any CPU
		{3E9FE24C-8541-4FA0-A0F3-0BDD79B87F75}.Debug|Any CPU.Build.0 = Debug|Any CPU
		{3E9FE24C-8541-4FA0-A0F3-0BDD79B87F75}.Release|Any CPU.ActiveCfg = Release|Any CPU
		{3E9FE24C-8541-4FA0-A0F3-0BDD79B87F75}.Release|Any CPU.Build.0 = Release|Any CPU
		{12464594-3F41-445F-8DC5-F03FA5900BC7}.Debug|Any CPU.ActiveCfg = Debug|Any CPU
		{12464594-3F41-445F-8DC5-F03FA5900BC7}.Debug|Any CPU.Build.0 = Debug|Any CPU
		{12464594-3F41-445F-8DC5-F03FA5900BC7}.Release|Any CPU.ActiveCfg = Release|Any CPU
		{12464594-3F41-445F-8DC5-F03FA5900BC7}.Release|Any CPU.Build.0 = Release|Any CPU
		{4699CA03-1687-4D80-8F0F-F100C78942B0}.Debug|Any CPU.ActiveCfg = Debug|Any CPU
		{4699CA03-1687-4D80-8F0F-F100C78942B0}.Debug|Any CPU.Build.0 = Debug|Any CPU
		{4699CA03-1687-4D80-8F0F-F100C78942B0}.Release|Any CPU.ActiveCfg = Release|Any CPU
		{4699CA03-1687-4D80-8F0F-F100C78942B0}.Release|Any CPU.Build.0 = Release|Any CPU
		{C958A5BA-A073-4D39-A1AB-85B91070576A}.Debug|Any CPU.ActiveCfg = Debug|Any CPU
		{C958A5BA-A073-4D39-A1AB-85B91070576A}.Debug|Any CPU.Build.0 = Debug|Any CPU
		{C958A5BA-A073-4D39-A1AB-85B91070576A}.Release|Any CPU.ActiveCfg = Release|Any CPU
		{C958A5BA-A073-4D39-A1AB-85B91070576A}.Release|Any CPU.Build.0 = Release|Any CPU
		{89EC2CC1-FB1D-4F37-95C2-B188BFA5A4F3}.Debug|Any CPU.ActiveCfg = Debug|Any CPU
		{89EC2CC1-FB1D-4F37-95C2-B188BFA5A4F3}.Debug|Any CPU.Build.0 = Debug|Any CPU
		{89EC2CC1-FB1D-4F37-95C2-B188BFA5A4F3}.Release|Any CPU.ActiveCfg = Release|Any CPU
		{89EC2CC1-FB1D-4F37-95C2-B188BFA5A4F3}.Release|Any CPU.Build.0 = Release|Any CPU
		{CC8A179A-BC70-4D4E-8F3D-BFD068B90791}.Debug|Any CPU.ActiveCfg = Debug|Any CPU
		{CC8A179A-BC70-4D4E-8F3D-BFD068B90791}.Debug|Any CPU.Build.0 = Debug|Any CPU
		{CC8A179A-BC70-4D4E-8F3D-BFD068B90791}.Release|Any CPU.ActiveCfg = Release|Any CPU
		{CC8A179A-BC70-4D4E-8F3D-BFD068B90791}.Release|Any CPU.Build.0 = Release|Any CPU
		{C97C10D6-6A69-410B-9713-8CA589DBA487}.Debug|Any CPU.ActiveCfg = Debug|Any CPU
		{C97C10D6-6A69-410B-9713-8CA589DBA487}.Debug|Any CPU.Build.0 = Debug|Any CPU
		{C97C10D6-6A69-410B-9713-8CA589DBA487}.Release|Any CPU.ActiveCfg = Release|Any CPU
		{C97C10D6-6A69-410B-9713-8CA589DBA487}.Release|Any CPU.Build.0 = Release|Any CPU
	EndGlobalSection
	GlobalSection(SolutionProperties) = preSolution
		HideSolutionNode = FALSE
	EndGlobalSection
EndGlobal
